// !$*UTF8*$!
{
	archiveVersion = 1;
	classes = {
	};
	objectVersion = 46;
	objects = {

/* Begin PBXAggregateTarget section */
		635BEDF71A16E08400747073 /* node_runner */ = {
			isa = PBXAggregateTarget;
			buildConfigurationList = 635BEDF81A16E08400747073 /* Build configuration list for PBXAggregateTarget "node_runner" */;
			buildPhases = (
			);
			dependencies = (
				6351F8B81A23B2F800567C25 /* PBXTargetDependency */,
				6351F8BA1A23B2F800567C25 /* PBXTargetDependency */,
				6351F8BC1A23B2F800567C25 /* PBXTargetDependency */,
				6351F8BE1A23B2F800567C25 /* PBXTargetDependency */,
				6351F8B01A23B05E00567C25 /* PBXTargetDependency */,
			);
			name = node_runner;
			productName = node_runner;
		};
/* End PBXAggregateTarget section */

/* Begin PBXContainerItemProxy section */
		6351F88B1A23A34900567C25 /* PBXContainerItemProxy */ = {
			isa = PBXContainerItemProxy;
			containerPortal = 6351F8871A23A34900567C25 /* binding.xcodeproj */;
			proxyType = 2;
			remoteGlobalIDString = D5AB4E05D5C277D69745A688;
			remoteInfo = n2o;
		};
		6351F8A61A23AEF900567C25 /* PBXContainerItemProxy */ = {
			isa = PBXContainerItemProxy;
			containerPortal = 6351F89E1A23AEF900567C25 /* binding.xcodeproj */;
			proxyType = 2;
			remoteGlobalIDString = 07C5AD2867EDD226B149A283;
			remoteInfo = functions;
		};
		6351F8A81A23AEF900567C25 /* PBXContainerItemProxy */ = {
			isa = PBXContainerItemProxy;
			containerPortal = 6351F89E1A23AEF900567C25 /* binding.xcodeproj */;
			proxyType = 2;
			remoteGlobalIDString = 306004A899585254C1FCD7EE;
			remoteInfo = classes;
		};
		6351F8AA1A23AEF900567C25 /* PBXContainerItemProxy */ = {
			isa = PBXContainerItemProxy;
			containerPortal = 6351F89E1A23AEF900567C25 /* binding.xcodeproj */;
			proxyType = 2;
			remoteGlobalIDString = 07CF5E19ABCD12B3E35FE4D4;
			remoteInfo = exceptions;
		};
		6351F8AC1A23AEF900567C25 /* PBXContainerItemProxy */ = {
			isa = PBXContainerItemProxy;
			containerPortal = 6351F89E1A23AEF900567C25 /* binding.xcodeproj */;
			proxyType = 2;
			remoteGlobalIDString = A079FE24F6BE03AEA94A3008;
			remoteInfo = init_except;
		};
		6351F8AF1A23B05E00567C25 /* PBXContainerItemProxy */ = {
			isa = PBXContainerItemProxy;
			containerPortal = 6351F8871A23A34900567C25 /* binding.xcodeproj */;
			proxyType = 1;
			remoteGlobalIDString = D4A511A5ECAC6DBE3FE3029D;
			remoteInfo = n2o;
		};
		6351F8B71A23B2F800567C25 /* PBXContainerItemProxy */ = {
			isa = PBXContainerItemProxy;
			containerPortal = 6351F89E1A23AEF900567C25 /* binding.xcodeproj */;
			proxyType = 1;
			remoteGlobalIDString = F2990766B7F6030DA81A9B90;
			remoteInfo = functions;
		};
		6351F8B91A23B2F800567C25 /* PBXContainerItemProxy */ = {
			isa = PBXContainerItemProxy;
			containerPortal = 6351F89E1A23AEF900567C25 /* binding.xcodeproj */;
			proxyType = 1;
			remoteGlobalIDString = 1560A1472D9ADED567A52C8B;
			remoteInfo = classes;
		};
		6351F8BB1A23B2F800567C25 /* PBXContainerItemProxy */ = {
			isa = PBXContainerItemProxy;
			containerPortal = 6351F89E1A23AEF900567C25 /* binding.xcodeproj */;
			proxyType = 1;
			remoteGlobalIDString = C6BF57284D25783A166FC9E5;
			remoteInfo = exceptions;
		};
		6351F8BD1A23B2F800567C25 /* PBXContainerItemProxy */ = {
			isa = PBXContainerItemProxy;
			containerPortal = 6351F89E1A23AEF900567C25 /* binding.xcodeproj */;
			proxyType = 1;
			remoteGlobalIDString = 587F8D0623CA5B6E3B71DCAE;
			remoteInfo = init_except;
		};
/* End PBXContainerItemProxy section */

/* Begin PBXFileReference section */
		6351F8871A23A34900567C25 /* binding.xcodeproj */ = {isa = PBXFileReference; lastKnownFileType = "wrapper.pb-project"; name = binding.xcodeproj; path = build/binding.xcodeproj; sourceTree = "<group>"; };
		6351F89E1A23AEF900567C25 /* binding.xcodeproj */ = {isa = PBXFileReference; lastKnownFileType = "wrapper.pb-project"; name = binding.xcodeproj; path = test/build/binding.xcodeproj; sourceTree = "<group>"; };
/* End PBXFileReference section */

/* Begin PBXGroup section */
		6351F8881A23A34900567C25 /* Products */ = {
			isa = PBXGroup;
			children = (
				6351F88C1A23A34900567C25 /* n2o.node */,
			);
			name = Products;
			sourceTree = "<group>";
		};
		6351F89F1A23AEF900567C25 /* Products */ = {
			isa = PBXGroup;
			children = (
				6351F8A71A23AEF900567C25 /* functions.node */,
				6351F8A91A23AEF900567C25 /* classes.node */,
				6351F8AB1A23AEF900567C25 /* exceptions.node */,
				6351F8AD1A23AEF900567C25 /* init_except.node */,
			);
			name = Products;
			sourceTree = "<group>";
		};
		635BEDF01A16E04200747073 = {
			isa = PBXGroup;
			children = (
				6351F89E1A23AEF900567C25 /* binding.xcodeproj */,
				6351F8871A23A34900567C25 /* binding.xcodeproj */,
			);
			sourceTree = "<group>";
		};
/* End PBXGroup section */

/* Begin PBXProject section */
		635BEDF11A16E04200747073 /* Project object */ = {
			isa = PBXProject;
			attributes = {
				LastUpgradeCheck = 0610;
				TargetAttributes = {
					635BEDF71A16E08400747073 = {
						CreatedOnToolsVersion = 6.1;
					};
				};
			};
			buildConfigurationList = 635BEDF41A16E04200747073 /* Build configuration list for PBXProject "n2o" */;
			compatibilityVersion = "Xcode 3.2";
			developmentRegion = English;
			hasScannedForEncodings = 0;
			knownRegions = (
				en,
			);
			mainGroup = 635BEDF01A16E04200747073;
			projectDirPath = "";
			projectReferences = (
				{
					ProductGroup = 6351F89F1A23AEF900567C25 /* Products */;
					ProjectRef = 6351F89E1A23AEF900567C25 /* binding.xcodeproj */;
				},
				{
					ProductGroup = 6351F8881A23A34900567C25 /* Products */;
					ProjectRef = 6351F8871A23A34900567C25 /* binding.xcodeproj */;
				},
			);
			projectRoot = "";
			targets = (
				635BEDF71A16E08400747073 /* node_runner */,
			);
		};
/* End PBXProject section */

/* Begin PBXReferenceProxy section */
		6351F88C1A23A34900567C25 /* n2o.node */ = {
			isa = PBXReferenceProxy;
			fileType = "compiled.mach-o.dylib";
			path = n2o.node;
			remoteRef = 6351F88B1A23A34900567C25 /* PBXContainerItemProxy */;
			sourceTree = BUILT_PRODUCTS_DIR;
		};
		6351F8A71A23AEF900567C25 /* functions.node */ = {
			isa = PBXReferenceProxy;
			fileType = "compiled.mach-o.dylib";
			path = functions.node;
			remoteRef = 6351F8A61A23AEF900567C25 /* PBXContainerItemProxy */;
			sourceTree = BUILT_PRODUCTS_DIR;
		};
		6351F8A91A23AEF900567C25 /* classes.node */ = {
			isa = PBXReferenceProxy;
			fileType = "compiled.mach-o.dylib";
			path = classes.node;
			remoteRef = 6351F8A81A23AEF900567C25 /* PBXContainerItemProxy */;
			sourceTree = BUILT_PRODUCTS_DIR;
		};
		6351F8AB1A23AEF900567C25 /* exceptions.node */ = {
			isa = PBXReferenceProxy;
			fileType = "compiled.mach-o.dylib";
			path = exceptions.node;
			remoteRef = 6351F8AA1A23AEF900567C25 /* PBXContainerItemProxy */;
			sourceTree = BUILT_PRODUCTS_DIR;
		};
		6351F8AD1A23AEF900567C25 /* init_except.node */ = {
			isa = PBXReferenceProxy;
			fileType = "compiled.mach-o.dylib";
			path = init_except.node;
			remoteRef = 6351F8AC1A23AEF900567C25 /* PBXContainerItemProxy */;
			sourceTree = BUILT_PRODUCTS_DIR;
		};
/* End PBXReferenceProxy section */

/* Begin PBXTargetDependency section */
		6351F8B01A23B05E00567C25 /* PBXTargetDependency */ = {
			isa = PBXTargetDependency;
			name = n2o;
			targetProxy = 6351F8AF1A23B05E00567C25 /* PBXContainerItemProxy */;
		};
		6351F8B81A23B2F800567C25 /* PBXTargetDependency */ = {
			isa = PBXTargetDependency;
			name = functions;
			targetProxy = 6351F8B71A23B2F800567C25 /* PBXContainerItemProxy */;
		};
		6351F8BA1A23B2F800567C25 /* PBXTargetDependency */ = {
			isa = PBXTargetDependency;
			name = classes;
			targetProxy = 6351F8B91A23B2F800567C25 /* PBXContainerItemProxy */;
		};
		6351F8BC1A23B2F800567C25 /* PBXTargetDependency */ = {
			isa = PBXTargetDependency;
			name = exceptions;
			targetProxy = 6351F8BB1A23B2F800567C25 /* PBXContainerItemProxy */;
		};
		6351F8BE1A23B2F800567C25 /* PBXTargetDependency */ = {
			isa = PBXTargetDependency;
			name = init_except;
			targetProxy = 6351F8BD1A23B2F800567C25 /* PBXContainerItemProxy */;
		};
/* End PBXTargetDependency section */

/* Begin XCBuildConfiguration section */
		635BEDF51A16E04200747073 /* Debug */ = {
			isa = XCBuildConfiguration;
			buildSettings = {
			};
			name = Debug;
		};
		635BEDF61A16E04200747073 /* Release */ = {
			isa = XCBuildConfiguration;
			buildSettings = {
			};
			name = Release;
		};
		635BEDF91A16E08400747073 /* Debug */ = {
			isa = XCBuildConfiguration;
			buildSettings = {
				PRODUCT_NAME = "$(TARGET_NAME)";
			};
			name = Debug;
		};
		635BEDFA1A16E08400747073 /* Release */ = {
			isa = XCBuildConfiguration;
			buildSettings = {
				PRODUCT_NAME = "$(TARGET_NAME)";
			};
			name = Release;
		};
/* End XCBuildConfiguration section */

/* Begin XCConfigurationList section */
		635BEDF41A16E04200747073 /* Build configuration list for PBXProject "n2o" */ = {
			isa = XCConfigurationList;
			buildConfigurations = (
				635BEDF51A16E04200747073 /* Debug */,
				635BEDF61A16E04200747073 /* Release */,
			);
			defaultConfigurationIsVisible = 0;
			defaultConfigurationName = Release;
		};
		635BEDF81A16E08400747073 /* Build configuration list for PBXAggregateTarget "node_runner" */ = {
			isa = XCConfigurationList;
			buildConfigurations = (
				635BEDF91A16E08400747073 /* Debug */,
				635BEDFA1A16E08400747073 /* Release */,
			);
			defaultConfigurationIsVisible = 0;
			defaultConfigurationName = Release;
		};
/* End XCConfigurationList section */
	};
	rootObject = 635BEDF11A16E04200747073 /* Project object */;
}
