// !$*UTF8*$!
{
	archiveVersion = 1;
	classes = {
	};
	objectVersion = 46;
	objects = {

/* Begin PBXAggregateTarget section */
		635BEDF71A16E08400747073 /* node_runner */ = {
			isa = PBXAggregateTarget;
			buildConfigurationList = 635BEDF81A16E08400747073 /* Build configuration list for PBXAggregateTarget "node_runner" */;
			buildPhases = (
			);
			dependencies = (
				635BEE021A16E0AC00747073 /* PBXTargetDependency */,
			);
			name = node_runner;
			productName = node_runner;
		};
/* End PBXAggregateTarget section */

/* Begin PBXContainerItemProxy section */
		635BEDFF1A16E09F00747073 /* PBXContainerItemProxy */ = {
			isa = PBXContainerItemProxy;
			containerPortal = 635BEDFB1A16E09F00747073 /* binding.xcodeproj */;
			proxyType = 2;
			remoteGlobalIDString = F6018795121A15995E2DE1B9;
			remoteInfo = sandbox;
		};
		635BEE011A16E0AC00747073 /* PBXContainerItemProxy */ = {
			isa = PBXContainerItemProxy;
			containerPortal = 635BEDFB1A16E09F00747073 /* binding.xcodeproj */;
			proxyType = 1;
			remoteGlobalIDString = 6F92B77BECD00673704F70B0;
			remoteInfo = sandbox;
		};
/* End PBXContainerItemProxy section */

/* Begin PBXFileReference section */
		635BEDFB1A16E09F00747073 /* binding.xcodeproj */ = {isa = PBXFileReference; lastKnownFileType = "wrapper.pb-project"; name = binding.xcodeproj; path = ../samples/sandbox/build/binding.xcodeproj; sourceTree = "<group>"; };
/* End PBXFileReference section */

/* Begin PBXGroup section */
		635BEDF01A16E04200747073 = {
			isa = PBXGroup;
			children = (
				635BEDFB1A16E09F00747073 /* binding.xcodeproj */,
			);
			sourceTree = "<group>";
		};
		635BEDFC1A16E09F00747073 /* Products */ = {
			isa = PBXGroup;
			children = (
				635BEE001A16E09F00747073 /* sandbox.node */,
			);
			name = Products;
			sourceTree = "<group>";
		};
/* End PBXGroup section */

/* Begin PBXProject section */
		635BEDF11A16E04200747073 /* Project object */ = {
			isa = PBXProject;
			attributes = {
				LastUpgradeCheck = 0610;
				TargetAttributes = {
					635BEDF71A16E08400747073 = {
						CreatedOnToolsVersion = 6.1;
					};
				};
			};
			buildConfigurationList = 635BEDF41A16E04200747073 /* Build configuration list for PBXProject "n2o_debug" */;
			compatibilityVersion = "Xcode 3.2";
			developmentRegion = English;
			hasScannedForEncodings = 0;
			knownRegions = (
				en,
			);
			mainGroup = 635BEDF01A16E04200747073;
			projectDirPath = "";
			projectReferences = (
				{
					ProductGroup = 635BEDFC1A16E09F00747073 /* Products */;
					ProjectRef = 635BEDFB1A16E09F00747073 /* binding.xcodeproj */;
				},
			);
			projectRoot = "";
			targets = (
				635BEDF71A16E08400747073 /* node_runner */,
			);
		};
/* End PBXProject section */

/* Begin PBXReferenceProxy section */
		635BEE001A16E09F00747073 /* sandbox.node */ = {
			isa = PBXReferenceProxy;
			fileType = "compiled.mach-o.dylib";
			path = sandbox.node;
			remoteRef = 635BEDFF1A16E09F00747073 /* PBXContainerItemProxy */;
			sourceTree = BUILT_PRODUCTS_DIR;
		};
/* End PBXReferenceProxy section */

/* Begin PBXTargetDependency section */
		635BEE021A16E0AC00747073 /* PBXTargetDependency */ = {
			isa = PBXTargetDependency;
			name = sandbox;
			targetProxy = 635BEE011A16E0AC00747073 /* PBXContainerItemProxy */;
		};
/* End PBXTargetDependency section */

/* Begin XCBuildConfiguration section */
		635BEDF51A16E04200747073 /* Debug */ = {
			isa = XCBuildConfiguration;
			buildSettings = {
			};
			name = Debug;
		};
		635BEDF61A16E04200747073 /* Release */ = {
			isa = XCBuildConfiguration;
			buildSettings = {
			};
			name = Release;
		};
		635BEDF91A16E08400747073 /* Debug */ = {
			isa = XCBuildConfiguration;
			buildSettings = {
				PRODUCT_NAME = "$(TARGET_NAME)";
			};
			name = Debug;
		};
		635BEDFA1A16E08400747073 /* Release */ = {
			isa = XCBuildConfiguration;
			buildSettings = {
				PRODUCT_NAME = "$(TARGET_NAME)";
			};
			name = Release;
		};
/* End XCBuildConfiguration section */

/* Begin XCConfigurationList section */
		635BEDF41A16E04200747073 /* Build configuration list for PBXProject "n2o_debug" */ = {
			isa = XCConfigurationList;
			buildConfigurations = (
				635BEDF51A16E04200747073 /* Debug */,
				635BEDF61A16E04200747073 /* Release */,
			);
			defaultConfigurationIsVisible = 0;
			defaultConfigurationName = Release;
		};
		635BEDF81A16E08400747073 /* Build configuration list for PBXAggregateTarget "node_runner" */ = {
			isa = XCConfigurationList;
			buildConfigurations = (
				635BEDF91A16E08400747073 /* Debug */,
				635BEDFA1A16E08400747073 /* Release */,
			);
			defaultConfigurationIsVisible = 0;
		};
/* End XCConfigurationList section */
	};
	rootObject = 635BEDF11A16E04200747073 /* Project object */;
}
